// !$*UTF8*$!
{
	archiveVersion = 1;
	classes = {
	};
	objectVersion = 77;
	objects = {

/* Begin PBXBuildFile section */
		01CBDBCAF01CE0DF4283E7D3 /* outfit-19.webp in Resources */ = {isa = PBXBuildFile; fileRef = 1DBFD0B0901999A9CE9BDD8A /* outfit-19.webp */; };
		01ED92B84B56FBC3638A34E0 /* ContentSource.swift in Sources */ = {isa = PBXBuildFile; fileRef = 39E4A1D8BA0D93C038BC46BB /* ContentSource.swift */; };
		02D1FBB0B2D65E47F77128DF /* outfit-21.webp in Resources */ = {isa = PBXBuildFile; fileRef = A5DEB18E73DD0BBD7EFA3BB1 /* outfit-21.webp */; };
		077DB02F9473F88E769F9A4C /* placeholder-3.webp in Resources */ = {isa = PBXBuildFile; fileRef = 422DD784B7345E185A3C2C41 /* placeholder-3.webp */; };
		09F43FDD030E3C5CF0EB3D65 /* UploadPipelineView.swift in Sources */ = {isa = PBXBuildFile; fileRef = B2E41DDFCDBAB48448C7B148 /* UploadPipelineView.swift */; };
		0E7F75E0908D4E70379B08A5 /* ProductLibraryItem.swift in Sources */ = {isa = PBXBuildFile; fileRef = 8673AF651837F7F8A1A50BD4 /* ProductLibraryItem.swift */; };
		0E86953BE246048B9B408314 /* outfit-2.webp in Resources */ = {isa = PBXBuildFile; fileRef = 4F45F302477F8DD356FE4B1A /* outfit-2.webp */; };
		12D10EF491CEB4225EB2EDAF /* Lottie in Frameworks */ = {isa = PBXBuildFile; productRef = 87088DFCBDEF106E1E3BF96C /* Lottie */; };
		16C2D83AE59F47AF7304DCCA /* InteractiveTouchSurface.swift in Sources */ = {isa = PBXBuildFile; fileRef = 4E4A64387EDDC09043570EF5 /* InteractiveTouchSurface.swift */; };
		187610989CDCDB70C64A0056 /* outfit-1.webp in Resources */ = {isa = PBXBuildFile; fileRef = 504B9DDF13973A533D8925BC /* outfit-1.webp */; };
		1C7B0030C1BC6B65ED88E7B6 /* outfit-12.webp in Resources */ = {isa = PBXBuildFile; fileRef = B69FF6A4ADDD0BAD4FC7F2E4 /* outfit-12.webp */; };
		1D2BA6E84DFF780E0FC3F652 /* WebP in Frameworks */ = {isa = PBXBuildFile; productRef = B42B15AC89752105DAEDEE45 /* WebP */; };
		1D84D5A2F8CA0FC9845A8BC4 /* OutfitCardView.swift in Sources */ = {isa = PBXBuildFile; fileRef = 8EBE6BC6F81A484544954195 /* OutfitCardView.swift */; };
		1E297DFECE2F96FF16045BD9 /* PublishSheet.swift in Sources */ = {isa = PBXBuildFile; fileRef = 3E32233E0690243C6794FBE2 /* PublishSheet.swift */; };
		1E66E9B2DF712DC60F686A78 /* star-anim-3.json in Resources */ = {isa = PBXBuildFile; fileRef = 440E53562DB21D872D690BC3 /* star-anim-3.json */; };
		1EBCAC4AA5AF95CC63699882 /* placeholder-2.webp in Resources */ = {isa = PBXBuildFile; fileRef = BB629BBE1A7C4B7CA2437BEC /* placeholder-2.webp */; };
		22B301AC155311EC382BBED1 /* PasswordResetView.swift in Sources */ = {isa = PBXBuildFile; fileRef = 9ACE0F1992CD1E1C592E84FE /* PasswordResetView.swift */; };
		24CE8DD298136439F5078DFA /* PlayfairDisplay-Italic.otf in Resources */ = {isa = PBXBuildFile; fileRef = 60A31063DA222A97AF101191 /* PlayfairDisplay-Italic.otf */; };
		25CD0A57BA9A4449422B812F /* FrameSequenceViewModel.swift in Sources */ = {isa = PBXBuildFile; fileRef = A8D5A078D13851433A0CF2C8 /* FrameSequenceViewModel.swift */; };
		28ADD037813ECB12F2DF59A4 /* UploadMaskingBackend.swift in Sources */ = {isa = PBXBuildFile; fileRef = 3E528CCFAA1423FAE69CD013 /* UploadMaskingBackend.swift */; };
		2D2D5CDC0109E475A983E075 /* melike-profile.png in Resources */ = {isa = PBXBuildFile; fileRef = 8456128B0E6C520224F3D108 /* melike-profile.png */; };
		35714868A98E53BFDA27435D /* Assets.xcassets in Resources */ = {isa = PBXBuildFile; fileRef = D777D0976E9C224D8022144C /* Assets.xcassets */; };
		374B22A95D5450B99FB44DD6 /* OutfitStore.swift in Sources */ = {isa = PBXBuildFile; fileRef = 9187BA52F7E8139A4E8A30F0 /* OutfitStore.swift */; };
		3943BB1501C305483389E245 /* LottieView.swift in Sources */ = {isa = PBXBuildFile; fileRef = FDF9D01E8CA3A29D241E8B17 /* LottieView.swift */; };
		395534ECE07C62454403ADFE /* Constants.swift in Sources */ = {isa = PBXBuildFile; fileRef = 99AAD021B4DB43444818F1D3 /* Constants.swift */; };
		3A4491708C31E6C0FE1817E2 /* ProductImageView.swift in Sources */ = {isa = PBXBuildFile; fileRef = 7F910ED2C981B44BD5AD83CC /* ProductImageView.swift */; };
		3AB473ADBC6D9829AD79D3A9 /* Loader.json in Resources */ = {isa = PBXBuildFile; fileRef = C27F90753986EC52EF5A7544 /* Loader.json */; };
		3BE83880E1AB3494639A8F72 /* PipelineJob.swift in Sources */ = {isa = PBXBuildFile; fileRef = 43F71A1221DDF5DC78BA4C36 /* PipelineJob.swift */; };
		3F5E7AF631869748B3F18F74 /* FrameLoader.swift in Sources */ = {isa = PBXBuildFile; fileRef = 4A3F4701E39853E7B869448A /* FrameLoader.swift */; };
		44360C1EC58813498FC14626 /* ProductLibraryService.swift in Sources */ = {isa = PBXBuildFile; fileRef = 251414A04E6CDF8175AC3872 /* ProductLibraryService.swift */; };
		4A4F1BB87ED3BD7DF0C413F7 /* Supabase in Frameworks */ = {isa = PBXBuildFile; productRef = B6B48116FEE66A166D635ADA /* Supabase */; };
		4C1D7D2C2780705E46A2698D /* windy.json in Resources */ = {isa = PBXBuildFile; fileRef = F6B8C9D105280144E32EBE34 /* windy.json */; };
		4F1A0139B6B9B22EC8397240 /* SocialModels.swift in Sources */ = {isa = PBXBuildFile; fileRef = 45E7F9B93946878842D0BB50 /* SocialModels.swift */; };
		50BBAE6E117C4E9DD1BD4203 /* outfit-25.webp in Resources */ = {isa = PBXBuildFile; fileRef = A00F2962FD5A311E07B489E1 /* outfit-25.webp */; };
		53ABB30C405F73DE523A34FC /* outfit-3.webp in Resources */ = {isa = PBXBuildFile; fileRef = CD264C9B307D4538A6E1E93A /* outfit-3.webp */; };
		5755A53F41F0BBF52E7FDF4A /* ImageMaskingService.swift in Sources */ = {isa = PBXBuildFile; fileRef = 89B3091DEE0ED4BD08D99CA8 /* ImageMaskingService.swift */; };
		5BADF890C56B2FFCD1113112 /* WeatherPill.swift in Sources */ = {isa = PBXBuildFile; fileRef = 95B6E39D004DC56E44D4C822 /* WeatherPill.swift */; };
		5C93E5B05CC173F2FB9C4E3F /* outfit-23.webp in Resources */ = {isa = PBXBuildFile; fileRef = 319C6300B36C3CD5A2A340A9 /* outfit-23.webp */; };
		5CAE51C5E3A11417EAACAA69 /* AppIcon.swift in Sources */ = {isa = PBXBuildFile; fileRef = BBDABBB7E6689D56A3A999A1 /* AppIcon.swift */; };
		5DAF5717A963FFECA6DB7582 /* FeedPost.swift in Sources */ = {isa = PBXBuildFile; fileRef = 3CAEA94C97888E4FB2411D67 /* FeedPost.swift */; };
		6031AD6DFE4D9F896703023A /* outfit-8.webp in Resources */ = {isa = PBXBuildFile; fileRef = 8237E6809B27F49EF0A31185 /* outfit-8.webp */; };
		62B6DF767B86BB73CE229655 /* LocalCache.swift in Sources */ = {isa = PBXBuildFile; fileRef = EE8E7C6F4FF612B588212336 /* LocalCache.swift */; };
		62BA6605D8F0C48198220A1E /* outfit-10.webp in Resources */ = {isa = PBXBuildFile; fileRef = 8821036C1F9ED66859189654 /* outfit-10.webp */; };
		635365B6F7F76518D34DE98C /* outfit-26.webp in Resources */ = {isa = PBXBuildFile; fileRef = 82D53C00C365C5679D3D22CD /* outfit-26.webp */; };
		68575EA5AE5ADEDC9B66A0A8 /* ProductImageService.swift in Sources */ = {isa = PBXBuildFile; fileRef = 9536A3D80F4BDF8F985E374D /* ProductImageService.swift */; };
		68847AE40546E47DADA6CC3F /* outfit-22.webp in Resources */ = {isa = PBXBuildFile; fileRef = 9EA82726A261BA087344B119 /* outfit-22.webp */; };
		6B3CF6F401BA86FCEBC23E30 /* outfit-9.webp in Resources */ = {isa = PBXBuildFile; fileRef = 01759BA1E2A8F9A68E549346 /* outfit-9.webp */; };
		6B7CADEB4A53057C3A60C9BD /* AvatarService.swift in Sources */ = {isa = PBXBuildFile; fileRef = 47ACDEA53371F7C539FB3F41 /* AvatarService.swift */; };
		6EDB6762B388FDCF0F7227D9 /* Profile.swift in Sources */ = {isa = PBXBuildFile; fileRef = 646E58B0E2ADCFBE6F3987BF /* Profile.swift */; };
		70437FE05598F5946D0C7653 /* outfit-24.webp in Resources */ = {isa = PBXBuildFile; fileRef = 3088889EDA194337296C9F9C /* outfit-24.webp */; };
		7100FDD58A11CD8E87D341A6 /* UploadLoaderView.swift in Sources */ = {isa = PBXBuildFile; fileRef = 1F9791776DC78094BBB88433 /* UploadLoaderView.swift */; };
		7455F2ED8A8525579A233A3D /* PreparedMaskingVariant.swift in Sources */ = {isa = PBXBuildFile; fileRef = 34A76145E123E70B78BE57D0 /* PreparedMaskingVariant.swift */; };
		74AA75019C8C28EDD28CB289 /* FalBackgroundRemovalService.swift in Sources */ = {isa = PBXBuildFile; fileRef = 1A9473A9AC05A63B161719DE /* FalBackgroundRemovalService.swift */; };
		74C11A63C84CEF82BD4D37F3 /* Inter_28pt-SemiBold.ttf in Resources */ = {isa = PBXBuildFile; fileRef = E4ADA0A6F7861DEAEA0781FD /* Inter_28pt-SemiBold.ttf */; };
		8102360B51D1E0956A25F698 /* AvatarCropView.swift in Sources */ = {isa = PBXBuildFile; fileRef = E782DC00D03C8C56B60CE3B6 /* AvatarCropView.swift */; };
		815AE7C9B6BFEC7E1E745DCF /* AppModifiers.swift in Sources */ = {isa = PBXBuildFile; fileRef = C70BC4A54DE808065C369147 /* AppModifiers.swift */; };
		81E4B1978611C60A4A46D661 /* stormy.json in Resources */ = {isa = PBXBuildFile; fileRef = 027956B7C06F724EDDA85B50 /* stormy.json */; };
		84290C7D80CCB0AC505AF5EA /* ViewMotion.swift in Sources */ = {isa = PBXBuildFile; fileRef = 76CA1FE605DB487E84160210 /* ViewMotion.swift */; };
		87CFBB08D34DF9E9A5B81D81 /* outfit-6.webp in Resources */ = {isa = PBXBuildFile; fileRef = 15AE96213009FD817C1674E1 /* outfit-6.webp */; };
		881AEDE759657DFE1757896D /* AuthManager.swift in Sources */ = {isa = PBXBuildFile; fileRef = EF568E0C17C6FF782B784F3C /* AuthManager.swift */; };
		8880FC79883BEC299D363DA0 /* SupabaseClient.swift in Sources */ = {isa = PBXBuildFile; fileRef = D49292C2B1DF2789A26ECDC7 /* SupabaseClient.swift */; };
		8A121EB863834E9BAF340E7A /* TagPill.swift in Sources */ = {isa = PBXBuildFile; fileRef = 910B2E6A79E169D2A1EE9BFE /* TagPill.swift */; };
		8C561C0B75E7BF70D820955C /* VideoFrameSequenceExporter.swift in Sources */ = {isa = PBXBuildFile; fileRef = AA9CDA154F7FD6F2F0D57A92 /* VideoFrameSequenceExporter.swift */; };
		8D03DF06C6620F85AEB47EE2 /* star-anim-1.json in Resources */ = {isa = PBXBuildFile; fileRef = CB5585020776BB338F29E786 /* star-anim-1.json */; };
		8F72948DEEE2D44825BE68A6 /* CalendarMonthView.swift in Sources */ = {isa = PBXBuildFile; fileRef = 8E5E7B65087075120E526293 /* CalendarMonthView.swift */; };
		9261D38B7469308E9C7E73CF /* UserProfileSheet.swift in Sources */ = {isa = PBXBuildFile; fileRef = 6A852FB7BE96B45E54412928 /* UserProfileSheet.swift */; };
		95EF7EC58BE07E1FE67F5B36 /* outfit-17.webp in Resources */ = {isa = PBXBuildFile; fileRef = D56400D7484A8621D3DF3680 /* outfit-17.webp */; };
		9888C4BA0D929500F50C28D9 /* outfit-5.webp in Resources */ = {isa = PBXBuildFile; fileRef = 81F441EFEB69610857652828 /* outfit-5.webp */; };
		98CCF9C472AEB46299DEA480 /* ProfileSetupSheet.swift in Sources */ = {isa = PBXBuildFile; fileRef = FE2A5D552F11BE413EB3887F /* ProfileSetupSheet.swift */; };
		9CB31FFFBB1BA5EF0D91DB03 /* overcast.json in Resources */ = {isa = PBXBuildFile; fileRef = 4DB2F741FB63C26764629E7F /* overcast.json */; };
		9CD7C338B9E7183740D18BE9 /* ShareCardComposer.swift in Sources */ = {isa = PBXBuildFile; fileRef = 7A8B83877DA92714F54E7914 /* ShareCardComposer.swift */; };
		A05865BA4D9D89DC82D28617 /* outfit-18.webp in Resources */ = {isa = PBXBuildFile; fileRef = D070F377A6904AA8546300D9 /* outfit-18.webp */; };
		A673139BA56B0A5D96652A39 /* star-anim-2.json in Resources */ = {isa = PBXBuildFile; fileRef = B847C0AB98D3425BB5BBAFAB /* star-anim-2.json */; };
		A770B90612F32D6B5D2C3D36 /* Outfit.swift in Sources */ = {isa = PBXBuildFile; fileRef = F6BCC4406A27B6BF439BBA9D /* Outfit.swift */; };
		A8FBAE75835F5B8E2408B6B1 /* sunny.json in Resources */ = {isa = PBXBuildFile; fileRef = 3256BEFAEA124C71EAF00C2D /* sunny.json */; };
		A95A14866E6CEABC11DBCDDB /* public-feed.json in Resources */ = {isa = PBXBuildFile; fileRef = E9EEE7F7310371BA0DB650A1 /* public-feed.json */; };
		AB99B2F085034E2A1CBBF77A /* cloudy.json in Resources */ = {isa = PBXBuildFile; fileRef = 8E93326E60084B89CA340A41 /* cloudy.json */; };
		AC0881DDF6A6508BAB207404 /* OutfitService.swift in Sources */ = {isa = PBXBuildFile; fileRef = 3A2CE7F573582B8F2F582033 /* OutfitService.swift */; };
		B18E3607CB764CEC45F54677 /* LocalOutfitStore.swift in Sources */ = {isa = PBXBuildFile; fileRef = DE7400C8E76CC739BA9271FE /* LocalOutfitStore.swift */; };
		B1C234D0E5F67891AABB1234 /* PushNotificationService.swift in Sources */ = {isa = PBXBuildFile; fileRef = B1C234D0E5F678910AABB123 /* PushNotificationService.swift */; };
		B2AFB7640AE011959778E08F /* placeholder-1.webp in Resources */ = {isa = PBXBuildFile; fileRef = 3FC4F82EC6FC767F44CE9A4B /* placeholder-1.webp */; };
		B5E8DA33C230E63AB681245C /* AvatarView.swift in Sources */ = {isa = PBXBuildFile; fileRef = F15640B030569340C148E2F4 /* AvatarView.swift */; };
		B6EE95C7CCEF1BEE2D5B28CE /* outfit-14.webp in Resources */ = {isa = PBXBuildFile; fileRef = 01BD152BA89EB1B6705098DC /* outfit-14.webp */; };
		BC22750567EDDC797832CD21 /* YaelFitsApp.swift in Sources */ = {isa = PBXBuildFile; fileRef = EDB599797B976DC16F27404F /* YaelFitsApp.swift */; };
		C1A6E15569C3B065D846BA27 /* Inter_28pt-MediumItalic.ttf in Resources */ = {isa = PBXBuildFile; fileRef = A97A1CA096A532AA1FA2219C /* Inter_28pt-MediumItalic.ttf */; };
		C1D2E3F4A5B6C7D8E9F0A1B2 /* GenerationJobService.swift in Sources */ = {isa = PBXBuildFile; fileRef = C1D2E3F4A5B6C7D8E9F0A1B3 /* GenerationJobService.swift */; };
		C5F3F858AB1066F53128D573 /* Info 2.plist in Resources */ = {isa = PBXBuildFile; fileRef = 905C6AFB58485F178201A276 /* Info 2.plist */; };
		C7F73B325485C553728B501A /* outfit-7.webp in Resources */ = {isa = PBXBuildFile; fileRef = 0F6E685A5C50CFF6759597AE /* outfit-7.webp */; };
		C8473C2ACFDB5EBB798116F9 /* outfit-27.webp in Resources */ = {isa = PBXBuildFile; fileRef = 257C2FEEAA3F033C9F7D2A1D /* outfit-27.webp */; };
		CAFE60E52F126DED43B1DC89 /* star-anim-4.json in Resources */ = {isa = PBXBuildFile; fileRef = 701463B9FED6F52BA2804658 /* star-anim-4.json */; };
		CB11946D8F277340911C91CA /* PublicFeedListView.swift in Sources */ = {isa = PBXBuildFile; fileRef = DA4DE6289C8151E4168591DB /* PublicFeedListView.swift */; };
		CF7EA157D8DD7D50AA24F8FA /* snowy.json in Resources */ = {isa = PBXBuildFile; fileRef = BEB8EAABC18747CDBDD38332 /* snowy.json */; };
		D0AAD4CF81F62BE55D12E33F /* logo.png in Resources */ = {isa = PBXBuildFile; fileRef = 539578091A002BDED7D76D5F /* logo.png */; };
		D2E3F4A5B6C7D8E9F0A1B2C3 /* GenerationJobRecord.swift in Sources */ = {isa = PBXBuildFile; fileRef = D2E3F4A5B6C7D8E9F0A1B2C4 /* GenerationJobRecord.swift */; };
		D7F2248F363F3363CBBE64D1 /* DiscoverView.swift in Sources */ = {isa = PBXBuildFile; fileRef = 08C870C07795EDBD2EFF2DD8 /* DiscoverView.swift */; };
		DB1BDA62B8DC5FC94FD0AC68 /* AppLogger.swift in Sources */ = {isa = PBXBuildFile; fileRef = 425FD6DB8C41635F1DC15775 /* AppLogger.swift */; };
		DBDB5775ADD5FB6D2889C40D /* rainy.json in Resources */ = {isa = PBXBuildFile; fileRef = 9819708241DB25B5D00386CD /* rainy.json */; };
		DC7F99BB6C39403D24404581 /* outfit-4.webp in Resources */ = {isa = PBXBuildFile; fileRef = E684CB8A63FBEFD7F1DA7209 /* outfit-4.webp */; };
		DD73337F3BEEB5CFB55C0E97 /* star-anim-5.json in Resources */ = {isa = PBXBuildFile; fileRef = 7430C4B99E445B625AABF792 /* star-anim-5.json */; };
		DD833C4484AF71E4BB91EDEF /* outfit-13.webp in Resources */ = {isa = PBXBuildFile; fileRef = 3069AA86267B0F6D444220BF /* outfit-13.webp */; };
		DDA970D94FB163BF6EB1BAB8 /* outfit-11.webp in Resources */ = {isa = PBXBuildFile; fileRef = 0A93739B0CD45D361C7790C2 /* outfit-11.webp */; };
		DE2BC7EEE5ABCCE44F40225D /* outfit-15.webp in Resources */ = {isa = PBXBuildFile; fileRef = 11C878BD50E25C26C09E98B3 /* outfit-15.webp */; };
		DE349F8ACD1D90BD7D9F3CE5 /* RootView.swift in Sources */ = {isa = PBXBuildFile; fileRef = 321639F2BA90A463062BAE8A /* RootView.swift */; };
		E344DB1A263DCD98D7F53A83 /* ProfileView.swift in Sources */ = {isa = PBXBuildFile; fileRef = D337C4C4402316C35342FD86 /* ProfileView.swift */; };
		E823AF5D92E1552C3529D50F /* SocialService.swift in Sources */ = {isa = PBXBuildFile; fileRef = B0200DA9B94C7FF2FD79D899 /* SocialService.swift */; };
		E829A0C19B1DFA9A885A7B54 /* CommentsSheet.swift in Sources */ = {isa = PBXBuildFile; fileRef = 0B54F1D89D0F53C54533E7A1 /* CommentsSheet.swift */; };
		A1B2C3D4E5F6A7B8C9D0E1F2 /* FollowListSheet.swift in Sources */ = {isa = PBXBuildFile; fileRef = A1B2C3D4E5F6A7B8C9D0E1F3 /* FollowListSheet.swift */; };
		EA8546713771C1124022E886 /* outfit-16.webp in Resources */ = {isa = PBXBuildFile; fileRef = BEB2199F4533599D5693B5A2 /* outfit-16.webp */; };
		EC0CA5A8FA12A4B6E8771D0C /* FalVideoGenerationService.swift in Sources */ = {isa = PBXBuildFile; fileRef = 0EB8B4728A72D35257989791 /* FalVideoGenerationService.swift */; };
		ECF113AE085DAB89C380C75C /* outfit-20.webp in Resources */ = {isa = PBXBuildFile; fileRef = 7F16D58523C3D03D59A3625B /* outfit-20.webp */; };
		EDCE9F834080E234A3B809C5 /* outfits.json in Resources */ = {isa = PBXBuildFile; fileRef = 6AF76DDBEC17ACF0DEB5C2B2 /* outfits.json */; };
		EDEF93D554B05F4556CBEF39 /* CarouselView.swift in Sources */ = {isa = PBXBuildFile; fileRef = 4EE82713F28FF3FC8E2D62F9 /* CarouselView.swift */; };
		F1A2B3C4D5E6F7A8B9C0D1E2 /* NotificationsPlaceholderSheet.swift in Sources */ = {isa = PBXBuildFile; fileRef = F1A2B3C4D5E6F7A8B9C0D1E3 /* NotificationsPlaceholderSheet.swift */; };
		F7A15AB6247B925DADE4A0E4 /* AuthView.swift in Sources */ = {isa = PBXBuildFile; fileRef = 81B954E0E1EBF71A99A79927 /* AuthView.swift */; };
		FA44C3B031072C58E72871BC /* AddProductSheet.swift in Sources */ = {isa = PBXBuildFile; fileRef = 662419C9FD163590FB593FB1 /* AddProductSheet.swift */; };
		FB40B9D88FCEC7C1D58FF4BF /* RotatableOutfitImage.swift in Sources */ = {isa = PBXBuildFile; fileRef = 49B67EDFF1375799A0757796 /* RotatableOutfitImage.swift */; };
		FE102BDC0F83DC35A370EAA6 /* OutfitGridView.swift in Sources */ = {isa = PBXBuildFile; fileRef = 9DD57D3ECC6A4D838C53FBD9 /* OutfitGridView.swift */; };
/* End PBXBuildFile section */

/* Begin PBXFileReference section */
		01759BA1E2A8F9A68E549346 /* outfit-9.webp */ = {isa = PBXFileReference; lastKnownFileType = file; path = "outfit-9.webp"; sourceTree = "<group>"; };
		01BD152BA89EB1B6705098DC /* outfit-14.webp */ = {isa = PBXFileReference; lastKnownFileType = file; path = "outfit-14.webp"; sourceTree = "<group>"; };
		027956B7C06F724EDDA85B50 /* stormy.json */ = {isa = PBXFileReference; lastKnownFileType = text.json; path = stormy.json; sourceTree = "<group>"; };
		08C870C07795EDBD2EFF2DD8 /* DiscoverView.swift */ = {isa = PBXFileReference; lastKnownFileType = sourcecode.swift; path = DiscoverView.swift; sourceTree = "<group>"; };
		0A93739B0CD45D361C7790C2 /* outfit-11.webp */ = {isa = PBXFileReference; lastKnownFileType = file; path = "outfit-11.webp"; sourceTree = "<group>"; };
		0B54F1D89D0F53C54533E7A1 /* CommentsSheet.swift */ = {isa = PBXFileReference; lastKnownFileType = sourcecode.swift; path = CommentsSheet.swift; sourceTree = "<group>"; };
		A1B2C3D4E5F6A7B8C9D0E1F3 /* FollowListSheet.swift */ = {isa = PBXFileReference; lastKnownFileType = sourcecode.swift; path = FollowListSheet.swift; sourceTree = "<group>"; };
		0EB8B4728A72D35257989791 /* FalVideoGenerationService.swift */ = {isa = PBXFileReference; lastKnownFileType = sourcecode.swift; path = FalVideoGenerationService.swift; sourceTree = "<group>"; };
		0F6E685A5C50CFF6759597AE /* outfit-7.webp */ = {isa = PBXFileReference; lastKnownFileType = file; path = "outfit-7.webp"; sourceTree = "<group>"; };
		11C878BD50E25C26C09E98B3 /* outfit-15.webp */ = {isa = PBXFileReference; lastKnownFileType = file; path = "outfit-15.webp"; sourceTree = "<group>"; };
		15AE96213009FD817C1674E1 /* outfit-6.webp */ = {isa = PBXFileReference; lastKnownFileType = file; path = "outfit-6.webp"; sourceTree = "<group>"; };
		1A9473A9AC05A63B161719DE /* FalBackgroundRemovalService.swift */ = {isa = PBXFileReference; lastKnownFileType = sourcecode.swift; path = FalBackgroundRemovalService.swift; sourceTree = "<group>"; };
		1DBFD0B0901999A9CE9BDD8A /* outfit-19.webp */ = {isa = PBXFileReference; lastKnownFileType = file; path = "outfit-19.webp"; sourceTree = "<group>"; };
		1F9791776DC78094BBB88433 /* UploadLoaderView.swift */ = {isa = PBXFileReference; lastKnownFileType = sourcecode.swift; path = UploadLoaderView.swift; sourceTree = "<group>"; };
		1FD1D6936B993B57FB4A3B73 /* YaelFits.entitlements */ = {isa = PBXFileReference; lastKnownFileType = text.plist.entitlements; path = YaelFits.entitlements; sourceTree = "<group>"; };
		251414A04E6CDF8175AC3872 /* ProductLibraryService.swift */ = {isa = PBXFileReference; lastKnownFileType = sourcecode.swift; path = ProductLibraryService.swift; sourceTree = "<group>"; };
		257C2FEEAA3F033C9F7D2A1D /* outfit-27.webp */ = {isa = PBXFileReference; lastKnownFileType = file; path = "outfit-27.webp"; sourceTree = "<group>"; };
		3069AA86267B0F6D444220BF /* outfit-13.webp */ = {isa = PBXFileReference; lastKnownFileType = file; path = "outfit-13.webp"; sourceTree = "<group>"; };
		3088889EDA194337296C9F9C /* outfit-24.webp */ = {isa = PBXFileReference; lastKnownFileType = file; path = "outfit-24.webp"; sourceTree = "<group>"; };
		319C6300B36C3CD5A2A340A9 /* outfit-23.webp */ = {isa = PBXFileReference; lastKnownFileType = file; path = "outfit-23.webp"; sourceTree = "<group>"; };
		321639F2BA90A463062BAE8A /* RootView.swift */ = {isa = PBXFileReference; lastKnownFileType = sourcecode.swift; path = RootView.swift; sourceTree = "<group>"; };
		3256BEFAEA124C71EAF00C2D /* sunny.json */ = {isa = PBXFileReference; lastKnownFileType = text.json; path = sunny.json; sourceTree = "<group>"; };
		34A76145E123E70B78BE57D0 /* PreparedMaskingVariant.swift */ = {isa = PBXFileReference; lastKnownFileType = sourcecode.swift; path = PreparedMaskingVariant.swift; sourceTree = "<group>"; };
		39E4A1D8BA0D93C038BC46BB /* ContentSource.swift */ = {isa = PBXFileReference; lastKnownFileType = sourcecode.swift; path = ContentSource.swift; sourceTree = "<group>"; };
		3A2CE7F573582B8F2F582033 /* OutfitService.swift */ = {isa = PBXFileReference; lastKnownFileType = sourcecode.swift; path = OutfitService.swift; sourceTree = "<group>"; };
		3CAEA94C97888E4FB2411D67 /* FeedPost.swift */ = {isa = PBXFileReference; lastKnownFileType = sourcecode.swift; path = FeedPost.swift; sourceTree = "<group>"; };
		3E32233E0690243C6794FBE2 /* PublishSheet.swift */ = {isa = PBXFileReference; lastKnownFileType = sourcecode.swift; path = PublishSheet.swift; sourceTree = "<group>"; };
		3E528CCFAA1423FAE69CD013 /* UploadMaskingBackend.swift */ = {isa = PBXFileReference; lastKnownFileType = sourcecode.swift; path = UploadMaskingBackend.swift; sourceTree = "<group>"; };
		3FC4F82EC6FC767F44CE9A4B /* placeholder-1.webp */ = {isa = PBXFileReference; lastKnownFileType = file; path = "placeholder-1.webp"; sourceTree = "<group>"; };
		422DD784B7345E185A3C2C41 /* placeholder-3.webp */ = {isa = PBXFileReference; lastKnownFileType = file; path = "placeholder-3.webp"; sourceTree = "<group>"; };
		425FD6DB8C41635F1DC15775 /* AppLogger.swift */ = {isa = PBXFileReference; lastKnownFileType = sourcecode.swift; path = AppLogger.swift; sourceTree = "<group>"; };
		43F71A1221DDF5DC78BA4C36 /* PipelineJob.swift */ = {isa = PBXFileReference; lastKnownFileType = sourcecode.swift; path = PipelineJob.swift; sourceTree = "<group>"; };
		440E53562DB21D872D690BC3 /* star-anim-3.json */ = {isa = PBXFileReference; lastKnownFileType = text.json; path = "star-anim-3.json"; sourceTree = "<group>"; };
		45E7F9B93946878842D0BB50 /* SocialModels.swift */ = {isa = PBXFileReference; lastKnownFileType = sourcecode.swift; path = SocialModels.swift; sourceTree = "<group>"; };
		47ACDEA53371F7C539FB3F41 /* AvatarService.swift */ = {isa = PBXFileReference; lastKnownFileType = sourcecode.swift; path = AvatarService.swift; sourceTree = "<group>"; };
		49B67EDFF1375799A0757796 /* RotatableOutfitImage.swift */ = {isa = PBXFileReference; lastKnownFileType = sourcecode.swift; path = RotatableOutfitImage.swift; sourceTree = "<group>"; };
		4A3F4701E39853E7B869448A /* FrameLoader.swift */ = {isa = PBXFileReference; lastKnownFileType = sourcecode.swift; path = FrameLoader.swift; sourceTree = "<group>"; };
		4DB2F741FB63C26764629E7F /* overcast.json */ = {isa = PBXFileReference; lastKnownFileType = text.json; path = overcast.json; sourceTree = "<group>"; };
		4E4A64387EDDC09043570EF5 /* InteractiveTouchSurface.swift */ = {isa = PBXFileReference; lastKnownFileType = sourcecode.swift; path = InteractiveTouchSurface.swift; sourceTree = "<group>"; };
		4EE82713F28FF3FC8E2D62F9 /* CarouselView.swift */ = {isa = PBXFileReference; lastKnownFileType = sourcecode.swift; path = CarouselView.swift; sourceTree = "<group>"; };
		4F45F302477F8DD356FE4B1A /* outfit-2.webp */ = {isa = PBXFileReference; lastKnownFileType = file; path = "outfit-2.webp"; sourceTree = "<group>"; };
		504B9DDF13973A533D8925BC /* outfit-1.webp */ = {isa = PBXFileReference; lastKnownFileType = file; path = "outfit-1.webp"; sourceTree = "<group>"; };
		539578091A002BDED7D76D5F /* logo.png */ = {isa = PBXFileReference; lastKnownFileType = image.png; path = logo.png; sourceTree = "<group>"; };
		60A31063DA222A97AF101191 /* PlayfairDisplay-Italic.otf */ = {isa = PBXFileReference; lastKnownFileType = file; path = "PlayfairDisplay-Italic.otf"; sourceTree = "<group>"; };
		646E58B0E2ADCFBE6F3987BF /* Profile.swift */ = {isa = PBXFileReference; lastKnownFileType = sourcecode.swift; path = Profile.swift; sourceTree = "<group>"; };
		662419C9FD163590FB593FB1 /* AddProductSheet.swift */ = {isa = PBXFileReference; lastKnownFileType = sourcecode.swift; path = AddProductSheet.swift; sourceTree = "<group>"; };
		6A852FB7BE96B45E54412928 /* UserProfileSheet.swift */ = {isa = PBXFileReference; lastKnownFileType = sourcecode.swift; path = UserProfileSheet.swift; sourceTree = "<group>"; };
		6AF76DDBEC17ACF0DEB5C2B2 /* outfits.json */ = {isa = PBXFileReference; lastKnownFileType = text.json; path = outfits.json; sourceTree = "<group>"; };
		701463B9FED6F52BA2804658 /* star-anim-4.json */ = {isa = PBXFileReference; lastKnownFileType = text.json; path = "star-anim-4.json"; sourceTree = "<group>"; };
		7430C4B99E445B625AABF792 /* star-anim-5.json */ = {isa = PBXFileReference; lastKnownFileType = text.json; path = "star-anim-5.json"; sourceTree = "<group>"; };
		76CA1FE605DB487E84160210 /* ViewMotion.swift */ = {isa = PBXFileReference; lastKnownFileType = sourcecode.swift; path = ViewMotion.swift; sourceTree = "<group>"; };
		7A8B83877DA92714F54E7914 /* ShareCardComposer.swift */ = {isa = PBXFileReference; lastKnownFileType = sourcecode.swift; path = ShareCardComposer.swift; sourceTree = "<group>"; };
		7F16D58523C3D03D59A3625B /* outfit-20.webp */ = {isa = PBXFileReference; lastKnownFileType = file; path = "outfit-20.webp"; sourceTree = "<group>"; };
		7F910ED2C981B44BD5AD83CC /* ProductImageView.swift */ = {isa = PBXFileReference; lastKnownFileType = sourcecode.swift; path = ProductImageView.swift; sourceTree = "<group>"; };
		81B954E0E1EBF71A99A79927 /* AuthView.swift */ = {isa = PBXFileReference; lastKnownFileType = sourcecode.swift; path = AuthView.swift; sourceTree = "<group>"; };
		81F441EFEB69610857652828 /* outfit-5.webp */ = {isa = PBXFileReference; lastKnownFileType = file; path = "outfit-5.webp"; sourceTree = "<group>"; };
		8237E6809B27F49EF0A31185 /* outfit-8.webp */ = {isa = PBXFileReference; lastKnownFileType = file; path = "outfit-8.webp"; sourceTree = "<group>"; };
		82D53C00C365C5679D3D22CD /* outfit-26.webp */ = {isa = PBXFileReference; lastKnownFileType = file; path = "outfit-26.webp"; sourceTree = "<group>"; };
		8456128B0E6C520224F3D108 /* melike-profile.png */ = {isa = PBXFileReference; lastKnownFileType = image.png; path = "melike-profile.png"; sourceTree = "<group>"; };
		85FE161686E36DA80D27F90E /* Info.plist */ = {isa = PBXFileReference; lastKnownFileType = text.plist; path = Info.plist; sourceTree = "<group>"; };
		8673AF651837F7F8A1A50BD4 /* ProductLibraryItem.swift */ = {isa = PBXFileReference; lastKnownFileType = sourcecode.swift; path = ProductLibraryItem.swift; sourceTree = "<group>"; };
		8821036C1F9ED66859189654 /* outfit-10.webp */ = {isa = PBXFileReference; lastKnownFileType = file; path = "outfit-10.webp"; sourceTree = "<group>"; };
		89B3091DEE0ED4BD08D99CA8 /* ImageMaskingService.swift */ = {isa = PBXFileReference; lastKnownFileType = sourcecode.swift; path = ImageMaskingService.swift; sourceTree = "<group>"; };
		8BBAC0B0ACE295E42CFA0EEE /* App.xcconfig */ = {isa = PBXFileReference; lastKnownFileType = text.xcconfig; path = App.xcconfig; sourceTree = "<group>"; };
		8E5E7B65087075120E526293 /* CalendarMonthView.swift */ = {isa = PBXFileReference; lastKnownFileType = sourcecode.swift; path = CalendarMonthView.swift; sourceTree = "<group>"; };
		8E93326E60084B89CA340A41 /* cloudy.json */ = {isa = PBXFileReference; lastKnownFileType = text.json; path = cloudy.json; sourceTree = "<group>"; };
		8EBE6BC6F81A484544954195 /* OutfitCardView.swift */ = {isa = PBXFileReference; lastKnownFileType = sourcecode.swift; path = OutfitCardView.swift; sourceTree = "<group>"; };
		905C6AFB58485F178201A276 /* Info 2.plist */ = {isa = PBXFileReference; lastKnownFileType = text.plist; path = "Info 2.plist"; sourceTree = "<group>"; };
		910B2E6A79E169D2A1EE9BFE /* TagPill.swift */ = {isa = PBXFileReference; lastKnownFileType = sourcecode.swift; path = TagPill.swift; sourceTree = "<group>"; };
		9187BA52F7E8139A4E8A30F0 /* OutfitStore.swift */ = {isa = PBXFileReference; lastKnownFileType = sourcecode.swift; path = OutfitStore.swift; sourceTree = "<group>"; };
		9536A3D80F4BDF8F985E374D /* ProductImageService.swift */ = {isa = PBXFileReference; lastKnownFileType = sourcecode.swift; path = ProductImageService.swift; sourceTree = "<group>"; };
		95B6E39D004DC56E44D4C822 /* WeatherPill.swift */ = {isa = PBXFileReference; lastKnownFileType = sourcecode.swift; path = WeatherPill.swift; sourceTree = "<group>"; };
		9819708241DB25B5D00386CD /* rainy.json */ = {isa = PBXFileReference; lastKnownFileType = text.json; path = rainy.json; sourceTree = "<group>"; };
		99AAD021B4DB43444818F1D3 /* Constants.swift */ = {isa = PBXFileReference; lastKnownFileType = sourcecode.swift; path = Constants.swift; sourceTree = "<group>"; };
		9ACE0F1992CD1E1C592E84FE /* PasswordResetView.swift */ = {isa = PBXFileReference; lastKnownFileType = sourcecode.swift; path = PasswordResetView.swift; sourceTree = "<group>"; };
		9DD57D3ECC6A4D838C53FBD9 /* OutfitGridView.swift */ = {isa = PBXFileReference; lastKnownFileType = sourcecode.swift; path = OutfitGridView.swift; sourceTree = "<group>"; };
		9EA82726A261BA087344B119 /* outfit-22.webp */ = {isa = PBXFileReference; lastKnownFileType = file; path = "outfit-22.webp"; sourceTree = "<group>"; };
		A00F2962FD5A311E07B489E1 /* outfit-25.webp */ = {isa = PBXFileReference; lastKnownFileType = file; path = "outfit-25.webp"; sourceTree = "<group>"; };
		A5DEB18E73DD0BBD7EFA3BB1 /* outfit-21.webp */ = {isa = PBXFileReference; lastKnownFileType = file; path = "outfit-21.webp"; sourceTree = "<group>"; };
		A8D5A078D13851433A0CF2C8 /* FrameSequenceViewModel.swift */ = {isa = PBXFileReference; lastKnownFileType = sourcecode.swift; path = FrameSequenceViewModel.swift; sourceTree = "<group>"; };
		A97A1CA096A532AA1FA2219C /* Inter_28pt-MediumItalic.ttf */ = {isa = PBXFileReference; lastKnownFileType = file; path = "Inter_28pt-MediumItalic.ttf"; sourceTree = "<group>"; };
		AA9CDA154F7FD6F2F0D57A92 /* VideoFrameSequenceExporter.swift */ = {isa = PBXFileReference; lastKnownFileType = sourcecode.swift; path = VideoFrameSequenceExporter.swift; sourceTree = "<group>"; };
		B0200DA9B94C7FF2FD79D899 /* SocialService.swift */ = {isa = PBXFileReference; lastKnownFileType = sourcecode.swift; path = SocialService.swift; sourceTree = "<group>"; };
		B1C234D0E5F678910AABB123 /* PushNotificationService.swift */ = {isa = PBXFileReference; lastKnownFileType = sourcecode.swift; path = PushNotificationService.swift; sourceTree = "<group>"; };
		B2E41DDFCDBAB48448C7B148 /* UploadPipelineView.swift */ = {isa = PBXFileReference; lastKnownFileType = sourcecode.swift; path = UploadPipelineView.swift; sourceTree = "<group>"; };
		B69FF6A4ADDD0BAD4FC7F2E4 /* outfit-12.webp */ = {isa = PBXFileReference; lastKnownFileType = file; path = "outfit-12.webp"; sourceTree = "<group>"; };
		B847C0AB98D3425BB5BBAFAB /* star-anim-2.json */ = {isa = PBXFileReference; lastKnownFileType = text.json; path = "star-anim-2.json"; sourceTree = "<group>"; };
		BB629BBE1A7C4B7CA2437BEC /* placeholder-2.webp */ = {isa = PBXFileReference; lastKnownFileType = file; path = "placeholder-2.webp"; sourceTree = "<group>"; };
		BBDABBB7E6689D56A3A999A1 /* AppIcon.swift */ = {isa = PBXFileReference; lastKnownFileType = sourcecode.swift; path = AppIcon.swift; sourceTree = "<group>"; };
		BEB2199F4533599D5693B5A2 /* outfit-16.webp */ = {isa = PBXFileReference; lastKnownFileType = file; path = "outfit-16.webp"; sourceTree = "<group>"; };
		BEB8EAABC18747CDBDD38332 /* snowy.json */ = {isa = PBXFileReference; lastKnownFileType = text.json; path = snowy.json; sourceTree = "<group>"; };
		C1D2E3F4A5B6C7D8E9F0A1B3 /* GenerationJobService.swift */ = {isa = PBXFileReference; lastKnownFileType = sourcecode.swift; path = GenerationJobService.swift; sourceTree = "<group>"; };
		C27F90753986EC52EF5A7544 /* Loader.json */ = {isa = PBXFileReference; lastKnownFileType = text.json; path = Loader.json; sourceTree = "<group>"; };
		C70BC4A54DE808065C369147 /* AppModifiers.swift */ = {isa = PBXFileReference; lastKnownFileType = sourcecode.swift; path = AppModifiers.swift; sourceTree = "<group>"; };
		CB5585020776BB338F29E786 /* star-anim-1.json */ = {isa = PBXFileReference; lastKnownFileType = text.json; path = "star-anim-1.json"; sourceTree = "<group>"; };
		CD264C9B307D4538A6E1E93A /* outfit-3.webp */ = {isa = PBXFileReference; lastKnownFileType = file; path = "outfit-3.webp"; sourceTree = "<group>"; };
		D070F377A6904AA8546300D9 /* outfit-18.webp */ = {isa = PBXFileReference; lastKnownFileType = file; path = "outfit-18.webp"; sourceTree = "<group>"; };
		D2E3F4A5B6C7D8E9F0A1B2C4 /* GenerationJobRecord.swift */ = {isa = PBXFileReference; lastKnownFileType = sourcecode.swift; path = GenerationJobRecord.swift; sourceTree = "<group>"; };
		D337C4C4402316C35342FD86 /* ProfileView.swift */ = {isa = PBXFileReference; lastKnownFileType = sourcecode.swift; path = ProfileView.swift; sourceTree = "<group>"; };
		D49292C2B1DF2789A26ECDC7 /* SupabaseClient.swift */ = {isa = PBXFileReference; lastKnownFileType = sourcecode.swift; path = SupabaseClient.swift; sourceTree = "<group>"; };
		D56400D7484A8621D3DF3680 /* outfit-17.webp */ = {isa = PBXFileReference; lastKnownFileType = file; path = "outfit-17.webp"; sourceTree = "<group>"; };
		D777D0976E9C224D8022144C /* Assets.xcassets */ = {isa = PBXFileReference; lastKnownFileType = folder.assetcatalog; path = Assets.xcassets; sourceTree = "<group>"; };
		DA4DE6289C8151E4168591DB /* PublicFeedListView.swift */ = {isa = PBXFileReference; lastKnownFileType = sourcecode.swift; path = PublicFeedListView.swift; sourceTree = "<group>"; };
		DE7400C8E76CC739BA9271FE /* LocalOutfitStore.swift */ = {isa = PBXFileReference; lastKnownFileType = sourcecode.swift; path = LocalOutfitStore.swift; sourceTree = "<group>"; };
		E4ADA0A6F7861DEAEA0781FD /* Inter_28pt-SemiBold.ttf */ = {isa = PBXFileReference; lastKnownFileType = file; path = "Inter_28pt-SemiBold.ttf"; sourceTree = "<group>"; };
		E684CB8A63FBEFD7F1DA7209 /* outfit-4.webp */ = {isa = PBXFileReference; lastKnownFileType = file; path = "outfit-4.webp"; sourceTree = "<group>"; };
		E782DC00D03C8C56B60CE3B6 /* AvatarCropView.swift */ = {isa = PBXFileReference; lastKnownFileType = sourcecode.swift; path = AvatarCropView.swift; sourceTree = "<group>"; };
		E9C9464710C446D7B975F055 /* Yafa.app */ = {isa = PBXFileReference; explicitFileType = wrapper.application; includeInIndex = 0; path = Yafa.app; sourceTree = BUILT_PRODUCTS_DIR; };
		E9EEE7F7310371BA0DB650A1 /* public-feed.json */ = {isa = PBXFileReference; lastKnownFileType = text.json; path = "public-feed.json"; sourceTree = "<group>"; };
		EDB599797B976DC16F27404F /* YaelFitsApp.swift */ = {isa = PBXFileReference; lastKnownFileType = sourcecode.swift; path = YaelFitsApp.swift; sourceTree = "<group>"; };
		EE8E7C6F4FF612B588212336 /* LocalCache.swift */ = {isa = PBXFileReference; lastKnownFileType = sourcecode.swift; path = LocalCache.swift; sourceTree = "<group>"; };
		EF568E0C17C6FF782B784F3C /* AuthManager.swift */ = {isa = PBXFileReference; lastKnownFileType = sourcecode.swift; path = AuthManager.swift; sourceTree = "<group>"; };
		F15640B030569340C148E2F4 /* AvatarView.swift */ = {isa = PBXFileReference; lastKnownFileType = sourcecode.swift; path = AvatarView.swift; sourceTree = "<group>"; };
		F1A2B3C4D5E6F7A8B9C0D1E3 /* NotificationsPlaceholderSheet.swift */ = {isa = PBXFileReference; lastKnownFileType = sourcecode.swift; path = NotificationsPlaceholderSheet.swift; sourceTree = "<group>"; };
		F6B8C9D105280144E32EBE34 /* windy.json */ = {isa = PBXFileReference; lastKnownFileType = text.json; path = windy.json; sourceTree = "<group>"; };
		F6BCC4406A27B6BF439BBA9D /* Outfit.swift */ = {isa = PBXFileReference; lastKnownFileType = sourcecode.swift; path = Outfit.swift; sourceTree = "<group>"; };
		FDF9D01E8CA3A29D241E8B17 /* LottieView.swift */ = {isa = PBXFileReference; lastKnownFileType = sourcecode.swift; path = LottieView.swift; sourceTree = "<group>"; };
		FE2A5D552F11BE413EB3887F /* ProfileSetupSheet.swift */ = {isa = PBXFileReference; lastKnownFileType = sourcecode.swift; path = ProfileSetupSheet.swift; sourceTree = "<group>"; };
/* End PBXFileReference section */

/* Begin PBXFrameworksBuildPhase section */
		F5D9D2E960F3073309D3FEAA /* Frameworks */ = {
			isa = PBXFrameworksBuildPhase;
			buildActionMask = 2147483647;
			files = (
				12D10EF491CEB4225EB2EDAF /* Lottie in Frameworks */,
				1D2BA6E84DFF780E0FC3F652 /* WebP in Frameworks */,
				4A4F1BB87ED3BD7DF0C413F7 /* Supabase in Frameworks */,
			);
			runOnlyForDeploymentPostprocessing = 0;
		};
/* End PBXFrameworksBuildPhase section */

/* Begin PBXGroup section */
		0416C9A434373A2DD80E7005 /* Resources */ = {
			isa = PBXGroup;
			children = (
				D777D0976E9C224D8022144C /* Assets.xcassets */,
				8E93326E60084B89CA340A41 /* cloudy.json */,
				C27F90753986EC52EF5A7544 /* Loader.json */,
				539578091A002BDED7D76D5F /* logo.png */,
				8456128B0E6C520224F3D108 /* melike-profile.png */,
				504B9DDF13973A533D8925BC /* outfit-1.webp */,
				4F45F302477F8DD356FE4B1A /* outfit-2.webp */,
				CD264C9B307D4538A6E1E93A /* outfit-3.webp */,
				E684CB8A63FBEFD7F1DA7209 /* outfit-4.webp */,
				81F441EFEB69610857652828 /* outfit-5.webp */,
				15AE96213009FD817C1674E1 /* outfit-6.webp */,
				0F6E685A5C50CFF6759597AE /* outfit-7.webp */,
				8237E6809B27F49EF0A31185 /* outfit-8.webp */,
				01759BA1E2A8F9A68E549346 /* outfit-9.webp */,
				8821036C1F9ED66859189654 /* outfit-10.webp */,
				0A93739B0CD45D361C7790C2 /* outfit-11.webp */,
				B69FF6A4ADDD0BAD4FC7F2E4 /* outfit-12.webp */,
				3069AA86267B0F6D444220BF /* outfit-13.webp */,
				01BD152BA89EB1B6705098DC /* outfit-14.webp */,
				11C878BD50E25C26C09E98B3 /* outfit-15.webp */,
				BEB2199F4533599D5693B5A2 /* outfit-16.webp */,
				D56400D7484A8621D3DF3680 /* outfit-17.webp */,
				D070F377A6904AA8546300D9 /* outfit-18.webp */,
				1DBFD0B0901999A9CE9BDD8A /* outfit-19.webp */,
				7F16D58523C3D03D59A3625B /* outfit-20.webp */,
				A5DEB18E73DD0BBD7EFA3BB1 /* outfit-21.webp */,
				9EA82726A261BA087344B119 /* outfit-22.webp */,
				319C6300B36C3CD5A2A340A9 /* outfit-23.webp */,
				3088889EDA194337296C9F9C /* outfit-24.webp */,
				A00F2962FD5A311E07B489E1 /* outfit-25.webp */,
				82D53C00C365C5679D3D22CD /* outfit-26.webp */,
				257C2FEEAA3F033C9F7D2A1D /* outfit-27.webp */,
				6AF76DDBEC17ACF0DEB5C2B2 /* outfits.json */,
				4DB2F741FB63C26764629E7F /* overcast.json */,
				3FC4F82EC6FC767F44CE9A4B /* placeholder-1.webp */,
				BB629BBE1A7C4B7CA2437BEC /* placeholder-2.webp */,
				422DD784B7345E185A3C2C41 /* placeholder-3.webp */,
				E9EEE7F7310371BA0DB650A1 /* public-feed.json */,
				9819708241DB25B5D00386CD /* rainy.json */,
				BEB8EAABC18747CDBDD38332 /* snowy.json */,
				CB5585020776BB338F29E786 /* star-anim-1.json */,
				B847C0AB98D3425BB5BBAFAB /* star-anim-2.json */,
				440E53562DB21D872D690BC3 /* star-anim-3.json */,
				701463B9FED6F52BA2804658 /* star-anim-4.json */,
				7430C4B99E445B625AABF792 /* star-anim-5.json */,
				027956B7C06F724EDDA85B50 /* stormy.json */,
				3256BEFAEA124C71EAF00C2D /* sunny.json */,
				F6B8C9D105280144E32EBE34 /* windy.json */,
				550DFF5484E734B86BE01B2E /* Fonts */,
			);
			path = Resources;
			sourceTree = "<group>";
		};
		0A7B2040E76F430C056A411F /* Calendar */ = {
			isa = PBXGroup;
			children = (
				8E5E7B65087075120E526293 /* CalendarMonthView.swift */,
			);
			path = Calendar;
			sourceTree = "<group>";
		};
		0DB1A0987C024104E5CEBBCC /* Config */ = {
			isa = PBXGroup;
			children = (
				8BBAC0B0ACE295E42CFA0EEE /* App.xcconfig */,
			);
			path = Config;
			sourceTree = "<group>";
		};
		18125B4AD89E6BF4CB99938E /* YaelFits */ = {
			isa = PBXGroup;
			children = (
				905C6AFB58485F178201A276 /* Info 2.plist */,
				85FE161686E36DA80D27F90E /* Info.plist */,
				1FD1D6936B993B57FB4A3B73 /* YaelFits.entitlements */,
				EDB599797B976DC16F27404F /* YaelFitsApp.swift */,
				9BD0E599EE3D943C3A19A83E /* Models */,
				0416C9A434373A2DD80E7005 /* Resources */,
				8B18D01C242F988E6FFC9257 /* Services */,
				1EE333DC7C8D3A4F7E7D7DEC /* Utilities */,
				70B7A72CC276897379561492 /* ViewModels */,
				5B15E1EEEC6AD6743D333429 /* Views */,
			);
			path = YaelFits;
			sourceTree = "<group>";
		};
		1EE333DC7C8D3A4F7E7D7DEC /* Utilities */ = {
			isa = PBXGroup;
			children = (
				BBDABBB7E6689D56A3A999A1 /* AppIcon.swift */,
				425FD6DB8C41635F1DC15775 /* AppLogger.swift */,
				C70BC4A54DE808065C369147 /* AppModifiers.swift */,
				99AAD021B4DB43444818F1D3 /* Constants.swift */,
			);
			path = Utilities;
			sourceTree = "<group>";
		};
		3C444B39D57BCF8F6402DF69 /* Shared */ = {
			isa = PBXGroup;
			children = (
				662419C9FD163590FB593FB1 /* AddProductSheet.swift */,
				F15640B030569340C148E2F4 /* AvatarView.swift */,
				4E4A64387EDDC09043570EF5 /* InteractiveTouchSurface.swift */,
				FDF9D01E8CA3A29D241E8B17 /* LottieView.swift */,
				7F910ED2C981B44BD5AD83CC /* ProductImageView.swift */,
				3E32233E0690243C6794FBE2 /* PublishSheet.swift */,
				49B67EDFF1375799A0757796 /* RotatableOutfitImage.swift */,
				7A8B83877DA92714F54E7914 /* ShareCardComposer.swift */,
				910B2E6A79E169D2A1EE9BFE /* TagPill.swift */,
				1F9791776DC78094BBB88433 /* UploadLoaderView.swift */,
				76CA1FE605DB487E84160210 /* ViewMotion.swift */,
				95B6E39D004DC56E44D4C822 /* WeatherPill.swift */,
			);
			path = Shared;
			sourceTree = "<group>";
		};
		49B12736E1C88E6100DBF8C2 = {
			isa = PBXGroup;
			children = (
				0DB1A0987C024104E5CEBBCC /* Config */,
				18125B4AD89E6BF4CB99938E /* YaelFits */,
				90842B847FF4667E4FD2AB80 /* Products */,
			);
			sourceTree = "<group>";
		};
		550DFF5484E734B86BE01B2E /* Fonts */ = {
			isa = PBXGroup;
			children = (
				A97A1CA096A532AA1FA2219C /* Inter_28pt-MediumItalic.ttf */,
				E4ADA0A6F7861DEAEA0781FD /* Inter_28pt-SemiBold.ttf */,
				60A31063DA222A97AF101191 /* PlayfairDisplay-Italic.otf */,
			);
			path = Fonts;
			sourceTree = "<group>";
		};
		5AE18AE1843C1A56FD23DCFA /* Feed */ = {
			isa = PBXGroup;
			children = (
				0B54F1D89D0F53C54533E7A1 /* CommentsSheet.swift */,
				A1B2C3D4E5F6A7B8C9D0E1F3 /* FollowListSheet.swift */,
				F1A2B3C4D5E6F7A8B9C0D1E3 /* NotificationsPlaceholderSheet.swift */,
				08C870C07795EDBD2EFF2DD8 /* DiscoverView.swift */,
				DA4DE6289C8151E4168591DB /* PublicFeedListView.swift */,
				6A852FB7BE96B45E54412928 /* UserProfileSheet.swift */,
			);
			path = Feed;
			sourceTree = "<group>";
		};
		5B15E1EEEC6AD6743D333429 /* Views */ = {
			isa = PBXGroup;
			children = (
				321639F2BA90A463062BAE8A /* RootView.swift */,
				F4BF984017FA2AC9438371EF /* Auth */,
				0A7B2040E76F430C056A411F /* Calendar */,
				5AE18AE1843C1A56FD23DCFA /* Feed */,
				83F325BDCF9BA8FE3869E371 /* OutfitGrid */,
				84B2486E69E9323876220F6C /* Profile */,
				3C444B39D57BCF8F6402DF69 /* Shared */,
				DEB62E5EBF315C41C23E2C56 /* Upload */,
			);
			path = Views;
			sourceTree = "<group>";
		};
		70B7A72CC276897379561492 /* ViewModels */ = {
			isa = PBXGroup;
			children = (
				A8D5A078D13851433A0CF2C8 /* FrameSequenceViewModel.swift */,
				9187BA52F7E8139A4E8A30F0 /* OutfitStore.swift */,
			);
			path = ViewModels;
			sourceTree = "<group>";
		};
		83F325BDCF9BA8FE3869E371 /* OutfitGrid */ = {
			isa = PBXGroup;
			children = (
				4EE82713F28FF3FC8E2D62F9 /* CarouselView.swift */,
				8EBE6BC6F81A484544954195 /* OutfitCardView.swift */,
				9DD57D3ECC6A4D838C53FBD9 /* OutfitGridView.swift */,
			);
			path = OutfitGrid;
			sourceTree = "<group>";
		};
		84B2486E69E9323876220F6C /* Profile */ = {
			isa = PBXGroup;
			children = (
				E782DC00D03C8C56B60CE3B6 /* AvatarCropView.swift */,
				FE2A5D552F11BE413EB3887F /* ProfileSetupSheet.swift */,
				D337C4C4402316C35342FD86 /* ProfileView.swift */,
			);
			path = Profile;
			sourceTree = "<group>";
		};
		8B18D01C242F988E6FFC9257 /* Services */ = {
			isa = PBXGroup;
			children = (
				EF568E0C17C6FF782B784F3C /* AuthManager.swift */,
				47ACDEA53371F7C539FB3F41 /* AvatarService.swift */,
				39E4A1D8BA0D93C038BC46BB /* ContentSource.swift */,
				1A9473A9AC05A63B161719DE /* FalBackgroundRemovalService.swift */,
				0EB8B4728A72D35257989791 /* FalVideoGenerationService.swift */,
				4A3F4701E39853E7B869448A /* FrameLoader.swift */,
				89B3091DEE0ED4BD08D99CA8 /* ImageMaskingService.swift */,
				EE8E7C6F4FF612B588212336 /* LocalCache.swift */,
				DE7400C8E76CC739BA9271FE /* LocalOutfitStore.swift */,
				3A2CE7F573582B8F2F582033 /* OutfitService.swift */,
				B1C234D0E5F678910AABB123 /* PushNotificationService.swift */,
				C1D2E3F4A5B6C7D8E9F0A1B3 /* GenerationJobService.swift */,
				9536A3D80F4BDF8F985E374D /* ProductImageService.swift */,
				251414A04E6CDF8175AC3872 /* ProductLibraryService.swift */,
				B0200DA9B94C7FF2FD79D899 /* SocialService.swift */,
				D49292C2B1DF2789A26ECDC7 /* SupabaseClient.swift */,
				AA9CDA154F7FD6F2F0D57A92 /* VideoFrameSequenceExporter.swift */,
			);
			path = Services;
			sourceTree = "<group>";
		};
		90842B847FF4667E4FD2AB80 /* Products */ = {
			isa = PBXGroup;
			children = (
				E9C9464710C446D7B975F055 /* Yafa.app */,
			);
			name = Products;
			sourceTree = "<group>";
		};
		9BD0E599EE3D943C3A19A83E /* Models */ = {
			isa = PBXGroup;
			children = (
				3CAEA94C97888E4FB2411D67 /* FeedPost.swift */,
				D2E3F4A5B6C7D8E9F0A1B2C4 /* GenerationJobRecord.swift */,
				F6BCC4406A27B6BF439BBA9D /* Outfit.swift */,
				43F71A1221DDF5DC78BA4C36 /* PipelineJob.swift */,
				34A76145E123E70B78BE57D0 /* PreparedMaskingVariant.swift */,
				8673AF651837F7F8A1A50BD4 /* ProductLibraryItem.swift */,
				646E58B0E2ADCFBE6F3987BF /* Profile.swift */,
				45E7F9B93946878842D0BB50 /* SocialModels.swift */,
				3E528CCFAA1423FAE69CD013 /* UploadMaskingBackend.swift */,
			);
			path = Models;
			sourceTree = "<group>";
		};
		DEB62E5EBF315C41C23E2C56 /* Upload */ = {
			isa = PBXGroup;
			children = (
				B2E41DDFCDBAB48448C7B148 /* UploadPipelineView.swift */,
			);
			path = Upload;
			sourceTree = "<group>";
		};
		F4BF984017FA2AC9438371EF /* Auth */ = {
			isa = PBXGroup;
			children = (
				81B954E0E1EBF71A99A79927 /* AuthView.swift */,
				9ACE0F1992CD1E1C592E84FE /* PasswordResetView.swift */,
			);
			path = Auth;
			sourceTree = "<group>";
		};
/* End PBXGroup section */

/* Begin PBXNativeTarget section */
		23EBFD656AC4E943E9E34461 /* Yafa */ = {
			isa = PBXNativeTarget;
			buildConfigurationList = 65CD09735CD6E399B00C310C /* Build configuration list for PBXNativeTarget "Yafa" */;
			buildPhases = (
				4C575CF4187578C04611C876 /* Sources */,
				4292E04D47E2062ECDD4FF65 /* Resources */,
				F5D9D2E960F3073309D3FEAA /* Frameworks */,
			);
			buildRules = (
			);
			dependencies = (
			);
			name = Yafa;
			packageProductDependencies = (
				87088DFCBDEF106E1E3BF96C /* Lottie */,
				B42B15AC89752105DAEDEE45 /* WebP */,
				B6B48116FEE66A166D635ADA /* Supabase */,
			);
			productName = Yafa;
			productReference = E9C9464710C446D7B975F055 /* Yafa.app */;
			productType = "com.apple.product-type.application";
		};
/* End PBXNativeTarget section */

/* Begin PBXProject section */
		2DE8C67D2750D80E205DE85A /* Project object */ = {
			isa = PBXProject;
			attributes = {
				BuildIndependentTargetsInParallel = YES;
				LastUpgradeCheck = 1500;
				TargetAttributes = {
					23EBFD656AC4E943E9E34461 = {
						DevelopmentTeam = P5KZPUFLKJ;
					};
				};
			};
			buildConfigurationList = 49958F3363A1AC41A5E44F3C /* Build configuration list for PBXProject "Yafa" */;
			developmentRegion = en;
			hasScannedForEncodings = 0;
			knownRegions = (
				Base,
				en,
			);
			mainGroup = 49B12736E1C88E6100DBF8C2;
			minimizedProjectReferenceProxies = 1;
			packageReferences = (
				7BB966226F388D7967BC5DFF /* XCRemoteSwiftPackageReference "lottie-ios" */,
				7B210CAF4E351CE25F83F8CB /* XCRemoteSwiftPackageReference "supabase-swift" */,
				17F60354FFBFDF239CD46E7A /* XCRemoteSwiftPackageReference "Swift-WebP" */,
			);
			preferredProjectObjectVersion = 77;
			productRefGroup = 90842B847FF4667E4FD2AB80 /* Products */;
			projectDirPath = "";
			projectRoot = "";
			targets = (
				23EBFD656AC4E943E9E34461 /* Yafa */,
			);
		};
/* End PBXProject section */

/* Begin PBXResourcesBuildPhase section */
		4292E04D47E2062ECDD4FF65 /* Resources */ = {
			isa = PBXResourcesBuildPhase;
			buildActionMask = 2147483647;
			files = (
				35714868A98E53BFDA27435D /* Assets.xcassets in Resources */,
				C5F3F858AB1066F53128D573 /* Info 2.plist in Resources */,
				C1A6E15569C3B065D846BA27 /* Inter_28pt-MediumItalic.ttf in Resources */,
				74C11A63C84CEF82BD4D37F3 /* Inter_28pt-SemiBold.ttf in Resources */,
				3AB473ADBC6D9829AD79D3A9 /* Loader.json in Resources */,
				24CE8DD298136439F5078DFA /* PlayfairDisplay-Italic.otf in Resources */,
				AB99B2F085034E2A1CBBF77A /* cloudy.json in Resources */,
				D0AAD4CF81F62BE55D12E33F /* logo.png in Resources */,
				2D2D5CDC0109E475A983E075 /* melike-profile.png in Resources */,
				187610989CDCDB70C64A0056 /* outfit-1.webp in Resources */,
				62BA6605D8F0C48198220A1E /* outfit-10.webp in Resources */,
				DDA970D94FB163BF6EB1BAB8 /* outfit-11.webp in Resources */,
				1C7B0030C1BC6B65ED88E7B6 /* outfit-12.webp in Resources */,
				DD833C4484AF71E4BB91EDEF /* outfit-13.webp in Resources */,
				B6EE95C7CCEF1BEE2D5B28CE /* outfit-14.webp in Resources */,
				DE2BC7EEE5ABCCE44F40225D /* outfit-15.webp in Resources */,
				EA8546713771C1124022E886 /* outfit-16.webp in Resources */,
				95EF7EC58BE07E1FE67F5B36 /* outfit-17.webp in Resources */,
				A05865BA4D9D89DC82D28617 /* outfit-18.webp in Resources */,
				01CBDBCAF01CE0DF4283E7D3 /* outfit-19.webp in Resources */,
				0E86953BE246048B9B408314 /* outfit-2.webp in Resources */,
				ECF113AE085DAB89C380C75C /* outfit-20.webp in Resources */,
				02D1FBB0B2D65E47F77128DF /* outfit-21.webp in Resources */,
				68847AE40546E47DADA6CC3F /* outfit-22.webp in Resources */,
				5C93E5B05CC173F2FB9C4E3F /* outfit-23.webp in Resources */,
				70437FE05598F5946D0C7653 /* outfit-24.webp in Resources */,
				50BBAE6E117C4E9DD1BD4203 /* outfit-25.webp in Resources */,
				635365B6F7F76518D34DE98C /* outfit-26.webp in Resources */,
				C8473C2ACFDB5EBB798116F9 /* outfit-27.webp in Resources */,
				53ABB30C405F73DE523A34FC /* outfit-3.webp in Resources */,
				DC7F99BB6C39403D24404581 /* outfit-4.webp in Resources */,
				9888C4BA0D929500F50C28D9 /* outfit-5.webp in Resources */,
				87CFBB08D34DF9E9A5B81D81 /* outfit-6.webp in Resources */,
				C7F73B325485C553728B501A /* outfit-7.webp in Resources */,
				6031AD6DFE4D9F896703023A /* outfit-8.webp in Resources */,
				6B3CF6F401BA86FCEBC23E30 /* outfit-9.webp in Resources */,
				EDCE9F834080E234A3B809C5 /* outfits.json in Resources */,
				9CB31FFFBB1BA5EF0D91DB03 /* overcast.json in Resources */,
				B2AFB7640AE011959778E08F /* placeholder-1.webp in Resources */,
				1EBCAC4AA5AF95CC63699882 /* placeholder-2.webp in Resources */,
				077DB02F9473F88E769F9A4C /* placeholder-3.webp in Resources */,
				A95A14866E6CEABC11DBCDDB /* public-feed.json in Resources */,
				DBDB5775ADD5FB6D2889C40D /* rainy.json in Resources */,
				CF7EA157D8DD7D50AA24F8FA /* snowy.json in Resources */,
				8D03DF06C6620F85AEB47EE2 /* star-anim-1.json in Resources */,
				A673139BA56B0A5D96652A39 /* star-anim-2.json in Resources */,
				1E66E9B2DF712DC60F686A78 /* star-anim-3.json in Resources */,
				CAFE60E52F126DED43B1DC89 /* star-anim-4.json in Resources */,
				DD73337F3BEEB5CFB55C0E97 /* star-anim-5.json in Resources */,
				81E4B1978611C60A4A46D661 /* stormy.json in Resources */,
				A8FBAE75835F5B8E2408B6B1 /* sunny.json in Resources */,
				4C1D7D2C2780705E46A2698D /* windy.json in Resources */,
			);
			runOnlyForDeploymentPostprocessing = 0;
		};
/* End PBXResourcesBuildPhase section */

/* Begin PBXSourcesBuildPhase section */
		4C575CF4187578C04611C876 /* Sources */ = {
			isa = PBXSourcesBuildPhase;
			buildActionMask = 2147483647;
			files = (
				FA44C3B031072C58E72871BC /* AddProductSheet.swift in Sources */,
				5CAE51C5E3A11417EAACAA69 /* AppIcon.swift in Sources */,
				DB1BDA62B8DC5FC94FD0AC68 /* AppLogger.swift in Sources */,
				815AE7C9B6BFEC7E1E745DCF /* AppModifiers.swift in Sources */,
				881AEDE759657DFE1757896D /* AuthManager.swift in Sources */,
				F7A15AB6247B925DADE4A0E4 /* AuthView.swift in Sources */,
				8102360B51D1E0956A25F698 /* AvatarCropView.swift in Sources */,
				6B7CADEB4A53057C3A60C9BD /* AvatarService.swift in Sources */,
				B5E8DA33C230E63AB681245C /* AvatarView.swift in Sources */,
				8F72948DEEE2D44825BE68A6 /* CalendarMonthView.swift in Sources */,
				EDEF93D554B05F4556CBEF39 /* CarouselView.swift in Sources */,
				E829A0C19B1DFA9A885A7B54 /* CommentsSheet.swift in Sources */,
				A1B2C3D4E5F6A7B8C9D0E1F2 /* FollowListSheet.swift in Sources */,
				F1A2B3C4D5E6F7A8B9C0D1E2 /* NotificationsPlaceholderSheet.swift in Sources */,
				395534ECE07C62454403ADFE /* Constants.swift in Sources */,
				01ED92B84B56FBC3638A34E0 /* ContentSource.swift in Sources */,
				D7F2248F363F3363CBBE64D1 /* DiscoverView.swift in Sources */,
				74AA75019C8C28EDD28CB289 /* FalBackgroundRemovalService.swift in Sources */,
				EC0CA5A8FA12A4B6E8771D0C /* FalVideoGenerationService.swift in Sources */,
				5DAF5717A963FFECA6DB7582 /* FeedPost.swift in Sources */,
				3F5E7AF631869748B3F18F74 /* FrameLoader.swift in Sources */,
				25CD0A57BA9A4449422B812F /* FrameSequenceViewModel.swift in Sources */,
				5755A53F41F0BBF52E7FDF4A /* ImageMaskingService.swift in Sources */,
				16C2D83AE59F47AF7304DCCA /* InteractiveTouchSurface.swift in Sources */,
				62B6DF767B86BB73CE229655 /* LocalCache.swift in Sources */,
				B18E3607CB764CEC45F54677 /* LocalOutfitStore.swift in Sources */,
				3943BB1501C305483389E245 /* LottieView.swift in Sources */,
				A770B90612F32D6B5D2C3D36 /* Outfit.swift in Sources */,
				1D84D5A2F8CA0FC9845A8BC4 /* OutfitCardView.swift in Sources */,
				FE102BDC0F83DC35A370EAA6 /* OutfitGridView.swift in Sources */,
				AC0881DDF6A6508BAB207404 /* OutfitService.swift in Sources */,
				C1D2E3F4A5B6C7D8E9F0A1B2 /* GenerationJobService.swift in Sources */,
				D2E3F4A5B6C7D8E9F0A1B2C3 /* GenerationJobRecord.swift in Sources */,
				B1C234D0E5F67891AABB1234 /* PushNotificationService.swift in Sources */,
				374B22A95D5450B99FB44DD6 /* OutfitStore.swift in Sources */,
				22B301AC155311EC382BBED1 /* PasswordResetView.swift in Sources */,
				3BE83880E1AB3494639A8F72 /* PipelineJob.swift in Sources */,
				7455F2ED8A8525579A233A3D /* PreparedMaskingVariant.swift in Sources */,
				68575EA5AE5ADEDC9B66A0A8 /* ProductImageService.swift in Sources */,
				3A4491708C31E6C0FE1817E2 /* ProductImageView.swift in Sources */,
				0E7F75E0908D4E70379B08A5 /* ProductLibraryItem.swift in Sources */,
				44360C1EC58813498FC14626 /* ProductLibraryService.swift in Sources */,
				6EDB6762B388FDCF0F7227D9 /* Profile.swift in Sources */,
				98CCF9C472AEB46299DEA480 /* ProfileSetupSheet.swift in Sources */,
				E344DB1A263DCD98D7F53A83 /* ProfileView.swift in Sources */,
				CB11946D8F277340911C91CA /* PublicFeedListView.swift in Sources */,
				1E297DFECE2F96FF16045BD9 /* PublishSheet.swift in Sources */,
				DE349F8ACD1D90BD7D9F3CE5 /* RootView.swift in Sources */,
				FB40B9D88FCEC7C1D58FF4BF /* RotatableOutfitImage.swift in Sources */,
				9CD7C338B9E7183740D18BE9 /* ShareCardComposer.swift in Sources */,
				4F1A0139B6B9B22EC8397240 /* SocialModels.swift in Sources */,
				E823AF5D92E1552C3529D50F /* SocialService.swift in Sources */,
				8880FC79883BEC299D363DA0 /* SupabaseClient.swift in Sources */,
				8A121EB863834E9BAF340E7A /* TagPill.swift in Sources */,
				7100FDD58A11CD8E87D341A6 /* UploadLoaderView.swift in Sources */,
				28ADD037813ECB12F2DF59A4 /* UploadMaskingBackend.swift in Sources */,
				09F43FDD030E3C5CF0EB3D65 /* UploadPipelineView.swift in Sources */,
				9261D38B7469308E9C7E73CF /* UserProfileSheet.swift in Sources */,
				8C561C0B75E7BF70D820955C /* VideoFrameSequenceExporter.swift in Sources */,
				84290C7D80CCB0AC505AF5EA /* ViewMotion.swift in Sources */,
				5BADF890C56B2FFCD1113112 /* WeatherPill.swift in Sources */,
				BC22750567EDDC797832CD21 /* YaelFitsApp.swift in Sources */,
			);
			runOnlyForDeploymentPostprocessing = 0;
		};
/* End PBXSourcesBuildPhase section */

/* Begin XCBuildConfiguration section */
		223BD85F182ED8E1901D33DD /* Debug */ = {
			isa = XCBuildConfiguration;
			baseConfigurationReference = 8BBAC0B0ACE295E42CFA0EEE /* App.xcconfig */;
			buildSettings = {
				ASSETCATALOG_COMPILER_APPICON_NAME = AppIcon;
				ASSETCATALOG_COMPILER_GLOBAL_ACCENT_COLOR_NAME = AccentColor;
				CODE_SIGN_ENTITLEMENTS = YaelFits/YaelFits.entitlements;
				CODE_SIGN_IDENTITY = "iPhone Developer";
				CURRENT_PROJECT_VERSION = 13;
				GENERATE_INFOPLIST_FILE = NO;
				INFOPLIST_FILE = YaelFits/Info.plist;
				LD_RUNPATH_SEARCH_PATHS = (
					"$(inherited)",
					"@executable_path/Frameworks",
				);
				PRODUCT_BUNDLE_IDENTIFIER = com.yafa.Yafa;
				PRODUCT_NAME = Yafa;
				SDKROOT = iphoneos;
				TARGETED_DEVICE_FAMILY = "1,2";
			};
			name = Debug;
		};
		BBD37751F5CC59602D74F5A5 /* Debug */ = {
			isa = XCBuildConfiguration;
			buildSettings = {
				ALWAYS_SEARCH_USER_PATHS = NO;
				CLANG_ANALYZER_NONNULL = YES;
				CLANG_ANALYZER_NUMBER_OBJECT_CONVERSION = YES_AGGRESSIVE;
				CLANG_CXX_LANGUAGE_STANDARD = "gnu++14";
				CLANG_CXX_LIBRARY = "libc++";
				CLANG_ENABLE_MODULES = YES;
				CLANG_ENABLE_OBJC_ARC = YES;
				CLANG_ENABLE_OBJC_WEAK = YES;
				CLANG_WARN_BLOCK_CAPTURE_AUTORELEASING = YES;
				CLANG_WARN_BOOL_CONVERSION = YES;
				CLANG_WARN_COMMA = YES;
				CLANG_WARN_CONSTANT_CONVERSION = YES;
				CLANG_WARN_DEPRECATED_OBJC_IMPLEMENTATIONS = YES;
				CLANG_WARN_DIRECT_OBJC_ISA_USAGE = YES_ERROR;
				CLANG_WARN_DOCUMENTATION_COMMENTS = YES;
				CLANG_WARN_EMPTY_BODY = YES;
				CLANG_WARN_ENUM_CONVERSION = YES;
				CLANG_WARN_INFINITE_RECURSION = YES;
				CLANG_WARN_INT_CONVERSION = YES;
				CLANG_WARN_NON_LITERAL_NULL_CONVERSION = YES;
				CLANG_WARN_OBJC_IMPLICIT_RETAIN_SELF = YES;
				CLANG_WARN_OBJC_LITERAL_CONVERSION = YES;
				CLANG_WARN_OBJC_ROOT_CLASS = YES_ERROR;
				CLANG_WARN_QUOTED_INCLUDE_IN_FRAMEWORK_HEADER = YES;
				CLANG_WARN_RANGE_LOOP_ANALYSIS = YES;
				CLANG_WARN_STRICT_PROTOTYPES = YES;
				CLANG_WARN_SUSPICIOUS_MOVE = YES;
				CLANG_WARN_UNGUARDED_AVAILABILITY = YES_AGGRESSIVE;
				CLANG_WARN_UNREACHABLE_CODE = YES;
				CLANG_WARN__DUPLICATE_METHOD_MATCH = YES;
				COPY_PHASE_STRIP = NO;
				CURRENT_PROJECT_VERSION = 3;
				DEBUG_INFORMATION_FORMAT = dwarf;
				DEVELOPMENT_TEAM = P5KZPUFLKJ;
				ENABLE_STRICT_OBJC_MSGSEND = YES;
				ENABLE_TESTABILITY = YES;
				GCC_C_LANGUAGE_STANDARD = gnu11;
				GCC_DYNAMIC_NO_PIC = NO;
				GCC_NO_COMMON_BLOCKS = YES;
				GCC_OPTIMIZATION_LEVEL = 0;
				GCC_PREPROCESSOR_DEFINITIONS = (
					"$(inherited)",
					"DEBUG=1",
				);
				GCC_WARN_64_TO_32_BIT_CONVERSION = YES;
				GCC_WARN_ABOUT_RETURN_TYPE = YES_ERROR;
				GCC_WARN_UNDECLARED_SELECTOR = YES;
				GCC_WARN_UNINITIALIZED_AUTOS = YES_AGGRESSIVE;
				GCC_WARN_UNUSED_FUNCTION = YES;
				GCC_WARN_UNUSED_VARIABLE = YES;
				IPHONEOS_DEPLOYMENT_TARGET = 17.0;
				MARKETING_VERSION = 1.0.0;
				MTL_ENABLE_DEBUG_INFO = INCLUDE_SOURCE;
				MTL_FAST_MATH = YES;
				ONLY_ACTIVE_ARCH = YES;
				PRODUCT_NAME = "$(TARGET_NAME)";
				SDKROOT = iphoneos;
				SWIFT_ACTIVE_COMPILATION_CONDITIONS = DEBUG;
				SWIFT_OPTIMIZATION_LEVEL = "-Onone";
				SWIFT_VERSION = 5.9;
			};
			name = Debug;
		};
		D3C71B3A4B743FF56871E484 /* Release */ = {
			isa = XCBuildConfiguration;
			baseConfigurationReference = 8BBAC0B0ACE295E42CFA0EEE /* App.xcconfig */;
			buildSettings = {
				ASSETCATALOG_COMPILER_APPICON_NAME = AppIcon;
				ASSETCATALOG_COMPILER_GLOBAL_ACCENT_COLOR_NAME = AccentColor;
				CODE_SIGN_ENTITLEMENTS = YaelFits/YaelFits.entitlements;
				CODE_SIGN_IDENTITY = "iPhone Developer";
				CURRENT_PROJECT_VERSION = 13;
				GENERATE_INFOPLIST_FILE = NO;
				INFOPLIST_FILE = YaelFits/Info.plist;
				LD_RUNPATH_SEARCH_PATHS = (
					"$(inherited)",
					"@executable_path/Frameworks",
				);
				PRODUCT_BUNDLE_IDENTIFIER = com.yafa.Yafa;
				PRODUCT_NAME = Yafa;
				SDKROOT = iphoneos;
				TARGETED_DEVICE_FAMILY = "1,2";
			};
			name = Release;
		};
		DA792202A9009E68C55670CA /* Release */ = {
			isa = XCBuildConfiguration;
			buildSettings = {
				ALWAYS_SEARCH_USER_PATHS = NO;
				CLANG_ANALYZER_NONNULL = YES;
				CLANG_ANALYZER_NUMBER_OBJECT_CONVERSION = YES_AGGRESSIVE;
				CLANG_CXX_LANGUAGE_STANDARD = "gnu++14";
				CLANG_CXX_LIBRARY = "libc++";
				CLANG_ENABLE_MODULES = YES;
				CLANG_ENABLE_OBJC_ARC = YES;
				CLANG_ENABLE_OBJC_WEAK = YES;
				CLANG_WARN_BLOCK_CAPTURE_AUTORELEASING = YES;
				CLANG_WARN_BOOL_CONVERSION = YES;
				CLANG_WARN_COMMA = YES;
				CLANG_WARN_CONSTANT_CONVERSION = YES;
				CLANG_WARN_DEPRECATED_OBJC_IMPLEMENTATIONS = YES;
				CLANG_WARN_DIRECT_OBJC_ISA_USAGE = YES_ERROR;
				CLANG_WARN_DOCUMENTATION_COMMENTS = YES;
				CLANG_WARN_EMPTY_BODY = YES;
				CLANG_WARN_ENUM_CONVERSION = YES;
				CLANG_WARN_INFINITE_RECURSION = YES;
				CLANG_WARN_INT_CONVERSION = YES;
				CLANG_WARN_NON_LITERAL_NULL_CONVERSION = YES;
				CLANG_WARN_OBJC_IMPLICIT_RETAIN_SELF = YES;
				CLANG_WARN_OBJC_LITERAL_CONVERSION = YES;
				CLANG_WARN_OBJC_ROOT_CLASS = YES_ERROR;
				CLANG_WARN_QUOTED_INCLUDE_IN_FRAMEWORK_HEADER = YES;
				CLANG_WARN_RANGE_LOOP_ANALYSIS = YES;
				CLANG_WARN_STRICT_PROTOTYPES = YES;
				CLANG_WARN_SUSPICIOUS_MOVE = YES;
				CLANG_WARN_UNGUARDED_AVAILABILITY = YES_AGGRESSIVE;
				CLANG_WARN_UNREACHABLE_CODE = YES;
				CLANG_WARN__DUPLICATE_METHOD_MATCH = YES;
				COPY_PHASE_STRIP = NO;
				CURRENT_PROJECT_VERSION = 3;
				DEBUG_INFORMATION_FORMAT = "dwarf-with-dsym";
				DEVELOPMENT_TEAM = P5KZPUFLKJ;
				ENABLE_NS_ASSERTIONS = NO;
				ENABLE_STRICT_OBJC_MSGSEND = YES;
				GCC_C_LANGUAGE_STANDARD = gnu11;
				GCC_NO_COMMON_BLOCKS = YES;
				GCC_WARN_64_TO_32_BIT_CONVERSION = YES;
				GCC_WARN_ABOUT_RETURN_TYPE = YES_ERROR;
				GCC_WARN_UNDECLARED_SELECTOR = YES;
				GCC_WARN_UNINITIALIZED_AUTOS = YES_AGGRESSIVE;
				GCC_WARN_UNUSED_FUNCTION = YES;
				GCC_WARN_UNUSED_VARIABLE = YES;
				IPHONEOS_DEPLOYMENT_TARGET = 17.0;
				MARKETING_VERSION = 1.0.0;
				MTL_ENABLE_DEBUG_INFO = NO;
				MTL_FAST_MATH = YES;
				PRODUCT_NAME = "$(TARGET_NAME)";
				SDKROOT = iphoneos;
				SWIFT_COMPILATION_MODE = wholemodule;
				SWIFT_OPTIMIZATION_LEVEL = "-O";
				SWIFT_VERSION = 5.9;
			};
			name = Release;
		};
/* End XCBuildConfiguration section */

/* Begin XCConfigurationList section */
		49958F3363A1AC41A5E44F3C /* Build configuration list for PBXProject "Yafa" */ = {
			isa = XCConfigurationList;
			buildConfigurations = (
				BBD37751F5CC59602D74F5A5 /* Debug */,
				DA792202A9009E68C55670CA /* Release */,
			);
			defaultConfigurationIsVisible = 0;
			defaultConfigurationName = Debug;
		};
		65CD09735CD6E399B00C310C /* Build configuration list for PBXNativeTarget "Yafa" */ = {
			isa = XCConfigurationList;
			buildConfigurations = (
				223BD85F182ED8E1901D33DD /* Debug */,
				D3C71B3A4B743FF56871E484 /* Release */,
			);
			defaultConfigurationIsVisible = 0;
			defaultConfigurationName = Debug;
		};
/* End XCConfigurationList section */

/* Begin XCRemoteSwiftPackageReference section */
		17F60354FFBFDF239CD46E7A /* XCRemoteSwiftPackageReference "Swift-WebP" */ = {
			isa = XCRemoteSwiftPackageReference;
			repositoryURL = "https://github.com/ainame/Swift-WebP.git";
			requirement = {
				kind = upToNextMajorVersion;
				minimumVersion = 0.5.0;
			};
		};
		7B210CAF4E351CE25F83F8CB /* XCRemoteSwiftPackageReference "supabase-swift" */ = {
			isa = XCRemoteSwiftPackageReference;
			repositoryURL = "https://github.com/supabase/supabase-swift.git";
			requirement = {
				kind = upToNextMajorVersion;
				minimumVersion = 2.0.0;
			};
		};
		7BB966226F388D7967BC5DFF /* XCRemoteSwiftPackageReference "lottie-ios" */ = {
			isa = XCRemoteSwiftPackageReference;
			repositoryURL = "https://github.com/airbnb/lottie-ios.git";
			requirement = {
				kind = upToNextMajorVersion;
				minimumVersion = 4.4.0;
			};
		};
/* End XCRemoteSwiftPackageReference section */

/* Begin XCSwiftPackageProductDependency section */
		87088DFCBDEF106E1E3BF96C /* Lottie */ = {
			isa = XCSwiftPackageProductDependency;
			package = 7BB966226F388D7967BC5DFF /* XCRemoteSwiftPackageReference "lottie-ios" */;
			productName = Lottie;
		};
		B42B15AC89752105DAEDEE45 /* WebP */ = {
			isa = XCSwiftPackageProductDependency;
			package = 17F60354FFBFDF239CD46E7A /* XCRemoteSwiftPackageReference "Swift-WebP" */;
			productName = WebP;
		};
		B6B48116FEE66A166D635ADA /* Supabase */ = {
			isa = XCSwiftPackageProductDependency;
			package = 7B210CAF4E351CE25F83F8CB /* XCRemoteSwiftPackageReference "supabase-swift" */;
			productName = Supabase;
		};
/* End XCSwiftPackageProductDependency section */
	};
	rootObject = 2DE8C67D2750D80E205DE85A /* Project object */;
}
